
Microsoft Visual Studio Solution File, Format Version 12.00
# Visual Studio 15
VisualStudioVersion = 15.0.27703.2000
MinimumVisualStudioVersion = 10.0.40219.1
Project("{8BC9CEB8-8B4A-11D0-8D11-00A0C91BC942}") = "Lab2L31", "Lab2L31\Lab2L31.vcxproj", "{C5F80730-F44F-4478-BDAE-6634EFC2CA88}"
EndProject
Project("{8BC9CEB8-8B4A-11D0-8D11-00A0C91BC942}") = "Lab2L32", "Lab2L32\Lab2L32.vcxproj", "{F77EFF37-4871-45E9-9C2A-FF5D5339FAC3}"
EndProject
Project("{8BC9CEB8-8B4A-11D0-8D11-00A0C91BC942}") = "Lab2L41", "Lab2L41\Lab2L41.vcxproj", "{7A2C8EBA-0872-419A-B14A-142750E7EBEE}"
EndProject
Project("{2150E333-8FDC-42A3-9474-1A3956D46DE8}") = "Lab2", "Lab2", "{C0813149-C1A8-46FD-8354-1F3534A364CC}"
EndProject
Project("{2150E333-8FDC-42A3-9474-1A3956D46DE8}") = "Lab3", "Lab3", "{2C9B53AC-9ABA-40AE-B0D0-33417BECA7C6}"
EndProject
Project("{8BC9CEB8-8B4A-11D0-8D11-00A0C91BC942}") = "Lab3L21", "Lab3L21\Lab3L21.vcxproj", "{88AC4434-BDBA-4CE1-BFFD-085F8AB820B2}"
EndProject
Project("{8BC9CEB8-8B4A-11D0-8D11-00A0C91BC942}") = "Lab3L31", "Lab3L31\Lab3L31.vcxproj", "{45DF8752-8B5E-4297-8D75-BC6868B541AA}"
EndProject
Project("{2150E333-8FDC-42A3-9474-1A3956D46DE8}") = "Testing", "Testing", "{63A46457-9C34-4107-B538-3EC2B35B1CF3}"
EndProject
Project("{8BC9CEB8-8B4A-11D0-8D11-00A0C91BC942}") = "TestLab", "TestLab\TestLab.vcxproj", "{6C7EF150-1B52-431B-A856-7BB3E706A948}"
EndProject
Project("{2150E333-8FDC-42A3-9474-1A3956D46DE8}") = "Lab1", "Lab1", "{AB2ABB15-032F-47B0-8886-F2E288183D69}"
EndProject
Project("{8BC9CEB8-8B4A-11D0-8D11-00A0C91BC942}") = "Lab1", "Lab1\Lab1.vcxproj", "{BDF25464-C99E-485B-AF10-E4EFCD226A95}"
EndProject
Project("{8BC9CEB8-8B4A-11D0-8D11-00A0C91BC942}") = "Lab1L3", "Lab1L3\Lab1L3.vcxproj", "{47D5F148-0B74-498C-85C1-4B3384837325}"
EndProject
Project("{8BC9CEB8-8B4A-11D0-8D11-00A0C91BC942}") = "Lab3L1", "Lab3L1\Lab3L1.vcxproj", "{82B9B25A-C417-4230-8B50-D59EE19C86B6}"
EndProject
Project("{8BC9CEB8-8B4A-11D0-8D11-00A0C91BC942}") = "Lab003L2", "Lab003L2\Lab003L2.vcxproj", "{AD470351-93C5-44D7-944F-A17F7CDC51C5}"
EndProject
Project("{8BC9CEB8-8B4A-11D0-8D11-00A0C91BC942}") = "Lab003L3", "Lab003L3\Lab003L3.vcxproj", "{B27C3142-215E-4B7E-A019-E771883F6149}"
EndProject
Project("{8BC9CEB8-8B4A-11D0-8D11-00A0C91BC942}") = "Lab003L4", "Lab003L4\Lab003L4.vcxproj", "{AD5FD24E-EF40-4940-8AF9-C264D1F9D7F5}"
EndProject
Project("{8BC9CEB8-8B4A-11D0-8D11-00A0C91BC942}") = "Lab003L42", "Lab003L42\Lab003L42.vcxproj", "{1AFC79B7-FAAB-46BF-A8D7-FA099F6F9888}"
EndProject
Project("{8BC9CEB8-8B4A-11D0-8D11-00A0C91BC942}") = "Lab003L43", "Lab003L43\Lab003L43.vcxproj", "{DCC2E7E8-A510-4821-B23C-2D72D960FE28}"
EndProject
Project("{2150E333-8FDC-42A3-9474-1A3956D46DE8}") = "Lab4", "Lab4", "{ACDE832C-3C9F-440B-A642-487722AFD5D8}"
EndProject
Project("{8BC9CEB8-8B4A-11D0-8D11-00A0C91BC942}") = "Lab004L1", "Lab004L1\Lab004L1.vcxproj", "{17B4502C-B8E5-4C02-A721-CA138728EC61}"
EndProject
Project("{8BC9CEB8-8B4A-11D0-8D11-00A0C91BC942}") = "Lab004L2", "Lab004L2\Lab004L2.vcxproj", "{4902709D-0D17-435A-8188-679FEC955CBC}"
EndProject
Project("{8BC9CEB8-8B4A-11D0-8D11-00A0C91BC942}") = "Lab004L3", "Lab004L3\Lab004L3.vcxproj", "{8806BC79-A17F-4555-9AC7-774B038186E8}"
EndProject
Project("{8BC9CEB8-8B4A-11D0-8D11-00A0C91BC942}") = "Lab004L41", "Lab004L41\Lab004L41.vcxproj", "{D6BDF5A0-C486-46F6-9A9B-11154400BAE8}"
EndProject
Project("{8BC9CEB8-8B4A-11D0-8D11-00A0C91BC942}") = "Lab004L42", "Lab004L42\Lab004L42.vcxproj", "{EA8FC690-7288-479D-96DC-D4561E0AD44D}"
EndProject
Project("{8BC9CEB8-8B4A-11D0-8D11-00A0C91BC942}") = "Lab005L1", "Lab005L1\Lab005L1.vcxproj", "{C063C83E-0B69-4D5B-9CFA-94E0C277FC77}"
EndProject
Project("{8BC9CEB8-8B4A-11D0-8D11-00A0C91BC942}") = "Lab005L2", "Lab005L2\Lab005L2.vcxproj", "{8B4634F9-4012-44BA-A2BD-C17A6F79FE9E}"
EndProject
Project("{8BC9CEB8-8B4A-11D0-8D11-00A0C91BC942}") = "Lab005L3", "Lab005L3\Lab005L3.vcxproj", "{27A323A8-F46D-46A3-8506-D3A50B36AA1E}"
EndProject
Project("{8BC9CEB8-8B4A-11D0-8D11-00A0C91BC942}") = "Lab005L41", "Lab005L41\Lab005L41.vcxproj", "{40A0D070-6C9A-4E00-8148-7A03C76FA72A}"
EndProject
Project("{8BC9CEB8-8B4A-11D0-8D11-00A0C91BC942}") = "Lab005L42", "Lab005L42\Lab005L42.vcxproj", "{FEADE8BA-82FB-4522-8FF7-6CCB8FA22E43}"
EndProject
Project("{8BC9CEB8-8B4A-11D0-8D11-00A0C91BC942}") = "Lab006L1", "Lab006L1\Lab006L1.vcxproj", "{7E95AEF6-DC01-44BD-AB3D-6629D14DB823}"
EndProject
Project("{8BC9CEB8-8B4A-11D0-8D11-00A0C91BC942}") = "Lab006L2", "Lab006L2\Lab006L2.vcxproj", "{18FA19FA-92E4-4D8B-822E-CD5B6AB64B5C}"
EndProject
Project("{8BC9CEB8-8B4A-11D0-8D11-00A0C91BC942}") = "Lab006L3", "Lab006L3\Lab006L3.vcxproj", "{C7C1D8E5-CA4D-43CA-B039-D305F5E41F82}"
EndProject
Project("{8BC9CEB8-8B4A-11D0-8D11-00A0C91BC942}") = "Lab006L41", "Lab006L41\Lab006L41.vcxproj", "{5B6DE02D-708C-49BA-93A4-36C582A0265E}"
EndProject
Project("{8BC9CEB8-8B4A-11D0-8D11-00A0C91BC942}") = "Lab0064L2", "Lab0064L2\Lab0064L2.vcxproj", "{613F1EA4-29EA-448F-A664-82F7A4441194}"
EndProject
Project("{2150E333-8FDC-42A3-9474-1A3956D46DE8}") = "Lab5", "Lab5", "{2460D2EC-1CC2-4202-A32E-56399088FDE8}"
EndProject
Project("{8BC9CEB8-8B4A-11D0-8D11-00A0C91BC942}") = "Lab007L1", "Lab007L1\Lab007L1.vcxproj", "{ED7D452A-4265-4BDD-BAB9-5451808AA90B}"
EndProject
Project("{8BC9CEB8-8B4A-11D0-8D11-00A0C91BC942}") = "Lab007L21", "Lab007L21\Lab007L21.vcxproj", "{7E4478B1-03C8-4CBC-A0DB-1200FFC35703}"
EndProject
Project("{8BC9CEB8-8B4A-11D0-8D11-00A0C91BC942}") = "Lab007L22", "Lab007L22\Lab007L22.vcxproj", "{3C3F369E-7B69-4D45-A7AC-95E5E197866C}"
EndProject
Project("{8BC9CEB8-8B4A-11D0-8D11-00A0C91BC942}") = "Lab007L3", "Lab007L3\Lab007L3.vcxproj", "{A91485BF-45F8-4955-8F27-D109C88FE356}"
EndProject
Project("{8BC9CEB8-8B4A-11D0-8D11-00A0C91BC942}") = "Lab007L4", "Lab007L4\Lab007L4.vcxproj", "{FBF12088-5EAB-4C2D-A452-5EA942018FE3}"
EndProject
Global
	GlobalSection(SolutionConfigurationPlatforms) = preSolution
		Debug|x86 = Debug|x86
		Release|x86 = Release|x86
	EndGlobalSection
	GlobalSection(ProjectConfigurationPlatforms) = postSolution
		{C5F80730-F44F-4478-BDAE-6634EFC2CA88}.Debug|x86.ActiveCfg = Debug|Win32
		{C5F80730-F44F-4478-BDAE-6634EFC2CA88}.Debug|x86.Build.0 = Debug|Win32
		{C5F80730-F44F-4478-BDAE-6634EFC2CA88}.Release|x86.ActiveCfg = Release|Win32
		{C5F80730-F44F-4478-BDAE-6634EFC2CA88}.Release|x86.Build.0 = Release|Win32
		{F77EFF37-4871-45E9-9C2A-FF5D5339FAC3}.Debug|x86.ActiveCfg = Debug|Win32
		{F77EFF37-4871-45E9-9C2A-FF5D5339FAC3}.Debug|x86.Build.0 = Debug|Win32
		{F77EFF37-4871-45E9-9C2A-FF5D5339FAC3}.Release|x86.ActiveCfg = Release|Win32
		{F77EFF37-4871-45E9-9C2A-FF5D5339FAC3}.Release|x86.Build.0 = Release|Win32
		{7A2C8EBA-0872-419A-B14A-142750E7EBEE}.Debug|x86.ActiveCfg = Debug|Win32
		{7A2C8EBA-0872-419A-B14A-142750E7EBEE}.Debug|x86.Build.0 = Debug|Win32
		{7A2C8EBA-0872-419A-B14A-142750E7EBEE}.Release|x86.ActiveCfg = Release|Win32
		{7A2C8EBA-0872-419A-B14A-142750E7EBEE}.Release|x86.Build.0 = Release|Win32
		{88AC4434-BDBA-4CE1-BFFD-085F8AB820B2}.Debug|x86.ActiveCfg = Debug|Win32
		{88AC4434-BDBA-4CE1-BFFD-085F8AB820B2}.Debug|x86.Build.0 = Debug|Win32
		{88AC4434-BDBA-4CE1-BFFD-085F8AB820B2}.Release|x86.ActiveCfg = Release|Win32
		{88AC4434-BDBA-4CE1-BFFD-085F8AB820B2}.Release|x86.Build.0 = Release|Win32
		{45DF8752-8B5E-4297-8D75-BC6868B541AA}.Debug|x86.ActiveCfg = Debug|Win32
		{45DF8752-8B5E-4297-8D75-BC6868B541AA}.Debug|x86.Build.0 = Debug|Win32
		{45DF8752-8B5E-4297-8D75-BC6868B541AA}.Release|x86.ActiveCfg = Release|Win32
		{45DF8752-8B5E-4297-8D75-BC6868B541AA}.Release|x86.Build.0 = Release|Win32
		{6C7EF150-1B52-431B-A856-7BB3E706A948}.Debug|x86.ActiveCfg = Debug|Win32
		{6C7EF150-1B52-431B-A856-7BB3E706A948}.Debug|x86.Build.0 = Debug|Win32
		{6C7EF150-1B52-431B-A856-7BB3E706A948}.Release|x86.ActiveCfg = Release|Win32
		{6C7EF150-1B52-431B-A856-7BB3E706A948}.Release|x86.Build.0 = Release|Win32
		{BDF25464-C99E-485B-AF10-E4EFCD226A95}.Debug|x86.ActiveCfg = Debug|Win32
		{BDF25464-C99E-485B-AF10-E4EFCD226A95}.Debug|x86.Build.0 = Debug|Win32
		{BDF25464-C99E-485B-AF10-E4EFCD226A95}.Release|x86.ActiveCfg = Release|Win32
		{BDF25464-C99E-485B-AF10-E4EFCD226A95}.Release|x86.Build.0 = Release|Win32
		{47D5F148-0B74-498C-85C1-4B3384837325}.Debug|x86.ActiveCfg = Debug|Win32
		{47D5F148-0B74-498C-85C1-4B3384837325}.Debug|x86.Build.0 = Debug|Win32
		{47D5F148-0B74-498C-85C1-4B3384837325}.Release|x86.ActiveCfg = Release|Win32
		{47D5F148-0B74-498C-85C1-4B3384837325}.Release|x86.Build.0 = Release|Win32
		{82B9B25A-C417-4230-8B50-D59EE19C86B6}.Debug|x86.ActiveCfg = Debug|Win32
		{82B9B25A-C417-4230-8B50-D59EE19C86B6}.Debug|x86.Build.0 = Debug|Win32
		{82B9B25A-C417-4230-8B50-D59EE19C86B6}.Release|x86.ActiveCfg = Release|Win32
		{82B9B25A-C417-4230-8B50-D59EE19C86B6}.Release|x86.Build.0 = Release|Win32
		{AD470351-93C5-44D7-944F-A17F7CDC51C5}.Debug|x86.ActiveCfg = Debug|Win32
		{AD470351-93C5-44D7-944F-A17F7CDC51C5}.Debug|x86.Build.0 = Debug|Win32
		{AD470351-93C5-44D7-944F-A17F7CDC51C5}.Release|x86.ActiveCfg = Release|Win32
		{AD470351-93C5-44D7-944F-A17F7CDC51C5}.Release|x86.Build.0 = Release|Win32
		{B27C3142-215E-4B7E-A019-E771883F6149}.Debug|x86.ActiveCfg = Debug|Win32
		{B27C3142-215E-4B7E-A019-E771883F6149}.Debug|x86.Build.0 = Debug|Win32
		{B27C3142-215E-4B7E-A019-E771883F6149}.Release|x86.ActiveCfg = Release|Win32
		{B27C3142-215E-4B7E-A019-E771883F6149}.Release|x86.Build.0 = Release|Win32
		{AD5FD24E-EF40-4940-8AF9-C264D1F9D7F5}.Debug|x86.ActiveCfg = Debug|Win32
		{AD5FD24E-EF40-4940-8AF9-C264D1F9D7F5}.Debug|x86.Build.0 = Debug|Win32
		{AD5FD24E-EF40-4940-8AF9-C264D1F9D7F5}.Release|x86.ActiveCfg = Release|Win32
		{AD5FD24E-EF40-4940-8AF9-C264D1F9D7F5}.Release|x86.Build.0 = Release|Win32
		{1AFC79B7-FAAB-46BF-A8D7-FA099F6F9888}.Debug|x86.ActiveCfg = Debug|Win32
		{1AFC79B7-FAAB-46BF-A8D7-FA099F6F9888}.Debug|x86.Build.0 = Debug|Win32
		{1AFC79B7-FAAB-46BF-A8D7-FA099F6F9888}.Release|x86.ActiveCfg = Release|Win32
		{1AFC79B7-FAAB-46BF-A8D7-FA099F6F9888}.Release|x86.Build.0 = Release|Win32
		{DCC2E7E8-A510-4821-B23C-2D72D960FE28}.Debug|x86.ActiveCfg = Debug|Win32
		{DCC2E7E8-A510-4821-B23C-2D72D960FE28}.Debug|x86.Build.0 = Debug|Win32
		{DCC2E7E8-A510-4821-B23C-2D72D960FE28}.Release|x86.ActiveCfg = Release|Win32
		{DCC2E7E8-A510-4821-B23C-2D72D960FE28}.Release|x86.Build.0 = Release|Win32
		{17B4502C-B8E5-4C02-A721-CA138728EC61}.Debug|x86.ActiveCfg = Debug|Win32
		{17B4502C-B8E5-4C02-A721-CA138728EC61}.Debug|x86.Build.0 = Debug|Win32
		{17B4502C-B8E5-4C02-A721-CA138728EC61}.Release|x86.ActiveCfg = Release|Win32
		{17B4502C-B8E5-4C02-A721-CA138728EC61}.Release|x86.Build.0 = Release|Win32
		{4902709D-0D17-435A-8188-679FEC955CBC}.Debug|x86.ActiveCfg = Debug|Win32
		{4902709D-0D17-435A-8188-679FEC955CBC}.Debug|x86.Build.0 = Debug|Win32
		{4902709D-0D17-435A-8188-679FEC955CBC}.Release|x86.ActiveCfg = Release|Win32
		{4902709D-0D17-435A-8188-679FEC955CBC}.Release|x86.Build.0 = Release|Win32
		{8806BC79-A17F-4555-9AC7-774B038186E8}.Debug|x86.ActiveCfg = Debug|Win32
		{8806BC79-A17F-4555-9AC7-774B038186E8}.Debug|x86.Build.0 = Debug|Win32
		{8806BC79-A17F-4555-9AC7-774B038186E8}.Release|x86.ActiveCfg = Release|Win32
		{8806BC79-A17F-4555-9AC7-774B038186E8}.Release|x86.Build.0 = Release|Win32
		{D6BDF5A0-C486-46F6-9A9B-11154400BAE8}.Debug|x86.ActiveCfg = Debug|Win32
		{D6BDF5A0-C486-46F6-9A9B-11154400BAE8}.Debug|x86.Build.0 = Debug|Win32
		{D6BDF5A0-C486-46F6-9A9B-11154400BAE8}.Release|x86.ActiveCfg = Release|Win32
		{D6BDF5A0-C486-46F6-9A9B-11154400BAE8}.Release|x86.Build.0 = Release|Win32
		{EA8FC690-7288-479D-96DC-D4561E0AD44D}.Debug|x86.ActiveCfg = Debug|Win32
		{EA8FC690-7288-479D-96DC-D4561E0AD44D}.Debug|x86.Build.0 = Debug|Win32
		{EA8FC690-7288-479D-96DC-D4561E0AD44D}.Release|x86.ActiveCfg = Release|Win32
		{EA8FC690-7288-479D-96DC-D4561E0AD44D}.Release|x86.Build.0 = Release|Win32
		{C063C83E-0B69-4D5B-9CFA-94E0C277FC77}.Debug|x86.ActiveCfg = Debug|Win32
		{C063C83E-0B69-4D5B-9CFA-94E0C277FC77}.Debug|x86.Build.0 = Debug|Win32
		{C063C83E-0B69-4D5B-9CFA-94E0C277FC77}.Release|x86.ActiveCfg = Release|Win32
		{C063C83E-0B69-4D5B-9CFA-94E0C277FC77}.Release|x86.Build.0 = Release|Win32
		{8B4634F9-4012-44BA-A2BD-C17A6F79FE9E}.Debug|x86.ActiveCfg = Debug|Win32
		{8B4634F9-4012-44BA-A2BD-C17A6F79FE9E}.Debug|x86.Build.0 = Debug|Win32
		{8B4634F9-4012-44BA-A2BD-C17A6F79FE9E}.Release|x86.ActiveCfg = Release|Win32
		{8B4634F9-4012-44BA-A2BD-C17A6F79FE9E}.Release|x86.Build.0 = Release|Win32
		{27A323A8-F46D-46A3-8506-D3A50B36AA1E}.Debug|x86.ActiveCfg = Debug|Win32
		{27A323A8-F46D-46A3-8506-D3A50B36AA1E}.Debug|x86.Build.0 = Debug|Win32
		{27A323A8-F46D-46A3-8506-D3A50B36AA1E}.Release|x86.ActiveCfg = Release|Win32
		{27A323A8-F46D-46A3-8506-D3A50B36AA1E}.Release|x86.Build.0 = Release|Win32
		{40A0D070-6C9A-4E00-8148-7A03C76FA72A}.Debug|x86.ActiveCfg = Debug|Win32
		{40A0D070-6C9A-4E00-8148-7A03C76FA72A}.Debug|x86.Build.0 = Debug|Win32
		{40A0D070-6C9A-4E00-8148-7A03C76FA72A}.Release|x86.ActiveCfg = Release|Win32
		{40A0D070-6C9A-4E00-8148-7A03C76FA72A}.Release|x86.Build.0 = Release|Win32
		{FEADE8BA-82FB-4522-8FF7-6CCB8FA22E43}.Debug|x86.ActiveCfg = Debug|Win32
		{FEADE8BA-82FB-4522-8FF7-6CCB8FA22E43}.Debug|x86.Build.0 = Debug|Win32
		{FEADE8BA-82FB-4522-8FF7-6CCB8FA22E43}.Release|x86.ActiveCfg = Release|Win32
		{FEADE8BA-82FB-4522-8FF7-6CCB8FA22E43}.Release|x86.Build.0 = Release|Win32
		{7E95AEF6-DC01-44BD-AB3D-6629D14DB823}.Debug|x86.ActiveCfg = Debug|Win32
		{7E95AEF6-DC01-44BD-AB3D-6629D14DB823}.Debug|x86.Build.0 = Debug|Win32
		{7E95AEF6-DC01-44BD-AB3D-6629D14DB823}.Release|x86.ActiveCfg = Release|Win32
		{7E95AEF6-DC01-44BD-AB3D-6629D14DB823}.Release|x86.Build.0 = Release|Win32
		{18FA19FA-92E4-4D8B-822E-CD5B6AB64B5C}.Debug|x86.ActiveCfg = Debug|Win32
		{18FA19FA-92E4-4D8B-822E-CD5B6AB64B5C}.Debug|x86.Build.0 = Debug|Win32
		{18FA19FA-92E4-4D8B-822E-CD5B6AB64B5C}.Release|x86.ActiveCfg = Release|Win32
		{18FA19FA-92E4-4D8B-822E-CD5B6AB64B5C}.Release|x86.Build.0 = Release|Win32
		{C7C1D8E5-CA4D-43CA-B039-D305F5E41F82}.Debug|x86.ActiveCfg = Debug|Win32
		{C7C1D8E5-CA4D-43CA-B039-D305F5E41F82}.Debug|x86.Build.0 = Debug|Win32
		{C7C1D8E5-CA4D-43CA-B039-D305F5E41F82}.Release|x86.ActiveCfg = Release|Win32
		{C7C1D8E5-CA4D-43CA-B039-D305F5E41F82}.Release|x86.Build.0 = Release|Win32
		{5B6DE02D-708C-49BA-93A4-36C582A0265E}.Debug|x86.ActiveCfg = Debug|Win32
		{5B6DE02D-708C-49BA-93A4-36C582A0265E}.Debug|x86.Build.0 = Debug|Win32
		{5B6DE02D-708C-49BA-93A4-36C582A0265E}.Release|x86.ActiveCfg = Release|Win32
		{5B6DE02D-708C-49BA-93A4-36C582A0265E}.Release|x86.Build.0 = Release|Win32
		{613F1EA4-29EA-448F-A664-82F7A4441194}.Debug|x86.ActiveCfg = Debug|Win32
		{613F1EA4-29EA-448F-A664-82F7A4441194}.Debug|x86.Build.0 = Debug|Win32
		{613F1EA4-29EA-448F-A664-82F7A4441194}.Release|x86.ActiveCfg = Release|Win32
		{613F1EA4-29EA-448F-A664-82F7A4441194}.Release|x86.Build.0 = Release|Win32
		{ED7D452A-4265-4BDD-BAB9-5451808AA90B}.Debug|x86.ActiveCfg = Debug|Win32
		{ED7D452A-4265-4BDD-BAB9-5451808AA90B}.Debug|x86.Build.0 = Debug|Win32
		{ED7D452A-4265-4BDD-BAB9-5451808AA90B}.Release|x86.ActiveCfg = Release|Win32
		{ED7D452A-4265-4BDD-BAB9-5451808AA90B}.Release|x86.Build.0 = Release|Win32
		{7E4478B1-03C8-4CBC-A0DB-1200FFC35703}.Debug|x86.ActiveCfg = Debug|Win32
		{7E4478B1-03C8-4CBC-A0DB-1200FFC35703}.Debug|x86.Build.0 = Debug|Win32
		{7E4478B1-03C8-4CBC-A0DB-1200FFC35703}.Release|x86.ActiveCfg = Release|Win32
		{7E4478B1-03C8-4CBC-A0DB-1200FFC35703}.Release|x86.Build.0 = Release|Win32
		{3C3F369E-7B69-4D45-A7AC-95E5E197866C}.Debug|x86.ActiveCfg = Debug|Win32
		{3C3F369E-7B69-4D45-A7AC-95E5E197866C}.Debug|x86.Build.0 = Debug|Win32
		{3C3F369E-7B69-4D45-A7AC-95E5E197866C}.Release|x86.ActiveCfg = Release|Win32
		{3C3F369E-7B69-4D45-A7AC-95E5E197866C}.Release|x86.Build.0 = Release|Win32
		{A91485BF-45F8-4955-8F27-D109C88FE356}.Debug|x86.ActiveCfg = Debug|Win32
		{A91485BF-45F8-4955-8F27-D109C88FE356}.Debug|x86.Build.0 = Debug|Win32
		{A91485BF-45F8-4955-8F27-D109C88FE356}.Release|x86.ActiveCfg = Release|Win32
		{A91485BF-45F8-4955-8F27-D109C88FE356}.Release|x86.Build.0 = Release|Win32
		{FBF12088-5EAB-4C2D-A452-5EA942018FE3}.Debug|x86.ActiveCfg = Debug|Win32
		{FBF12088-5EAB-4C2D-A452-5EA942018FE3}.Debug|x86.Build.0 = Debug|Win32
		{FBF12088-5EAB-4C2D-A452-5EA942018FE3}.Release|x86.ActiveCfg = Release|Win32
		{FBF12088-5EAB-4C2D-A452-5EA942018FE3}.Release|x86.Build.0 = Release|Win32
	EndGlobalSection
	GlobalSection(SolutionProperties) = preSolution
		HideSolutionNode = FALSE
	EndGlobalSection
	GlobalSection(NestedProjects) = preSolution
		{C5F80730-F44F-4478-BDAE-6634EFC2CA88} = {C0813149-C1A8-46FD-8354-1F3534A364CC}
		{F77EFF37-4871-45E9-9C2A-FF5D5339FAC3} = {C0813149-C1A8-46FD-8354-1F3534A364CC}
		{7A2C8EBA-0872-419A-B14A-142750E7EBEE} = {C0813149-C1A8-46FD-8354-1F3534A364CC}
		{88AC4434-BDBA-4CE1-BFFD-085F8AB820B2} = {2C9B53AC-9ABA-40AE-B0D0-33417BECA7C6}
		{45DF8752-8B5E-4297-8D75-BC6868B541AA} = {2C9B53AC-9ABA-40AE-B0D0-33417BECA7C6}
		{6C7EF150-1B52-431B-A856-7BB3E706A948} = {63A46457-9C34-4107-B538-3EC2B35B1CF3}
		{BDF25464-C99E-485B-AF10-E4EFCD226A95} = {AB2ABB15-032F-47B0-8886-F2E288183D69}
		{47D5F148-0B74-498C-85C1-4B3384837325} = {AB2ABB15-032F-47B0-8886-F2E288183D69}
		{82B9B25A-C417-4230-8B50-D59EE19C86B6} = {2C9B53AC-9ABA-40AE-B0D0-33417BECA7C6}
		{AD470351-93C5-44D7-944F-A17F7CDC51C5} = {2C9B53AC-9ABA-40AE-B0D0-33417BECA7C6}
		{B27C3142-215E-4B7E-A019-E771883F6149} = {2C9B53AC-9ABA-40AE-B0D0-33417BECA7C6}
		{AD5FD24E-EF40-4940-8AF9-C264D1F9D7F5} = {2C9B53AC-9ABA-40AE-B0D0-33417BECA7C6}
		{1AFC79B7-FAAB-46BF-A8D7-FA099F6F9888} = {2C9B53AC-9ABA-40AE-B0D0-33417BECA7C6}
		{DCC2E7E8-A510-4821-B23C-2D72D960FE28} = {2C9B53AC-9ABA-40AE-B0D0-33417BECA7C6}
		{17B4502C-B8E5-4C02-A721-CA138728EC61} = {2C9B53AC-9ABA-40AE-B0D0-33417BECA7C6}
		{4902709D-0D17-435A-8188-679FEC955CBC} = {2C9B53AC-9ABA-40AE-B0D0-33417BECA7C6}
		{8806BC79-A17F-4555-9AC7-774B038186E8} = {2C9B53AC-9ABA-40AE-B0D0-33417BECA7C6}
		{D6BDF5A0-C486-46F6-9A9B-11154400BAE8} = {2C9B53AC-9ABA-40AE-B0D0-33417BECA7C6}
		{EA8FC690-7288-479D-96DC-D4561E0AD44D} = {2C9B53AC-9ABA-40AE-B0D0-33417BECA7C6}
		{C063C83E-0B69-4D5B-9CFA-94E0C277FC77} = {2C9B53AC-9ABA-40AE-B0D0-33417BECA7C6}
		{8B4634F9-4012-44BA-A2BD-C17A6F79FE9E} = {2C9B53AC-9ABA-40AE-B0D0-33417BECA7C6}
		{27A323A8-F46D-46A3-8506-D3A50B36AA1E} = {2C9B53AC-9ABA-40AE-B0D0-33417BECA7C6}
		{40A0D070-6C9A-4E00-8148-7A03C76FA72A} = {2C9B53AC-9ABA-40AE-B0D0-33417BECA7C6}
		{FEADE8BA-82FB-4522-8FF7-6CCB8FA22E43} = {2C9B53AC-9ABA-40AE-B0D0-33417BECA7C6}
		{7E95AEF6-DC01-44BD-AB3D-6629D14DB823} = {ACDE832C-3C9F-440B-A642-487722AFD5D8}
		{18FA19FA-92E4-4D8B-822E-CD5B6AB64B5C} = {ACDE832C-3C9F-440B-A642-487722AFD5D8}
		{C7C1D8E5-CA4D-43CA-B039-D305F5E41F82} = {ACDE832C-3C9F-440B-A642-487722AFD5D8}
		{5B6DE02D-708C-49BA-93A4-36C582A0265E} = {ACDE832C-3C9F-440B-A642-487722AFD5D8}
		{613F1EA4-29EA-448F-A664-82F7A4441194} = {ACDE832C-3C9F-440B-A642-487722AFD5D8}
		{ED7D452A-4265-4BDD-BAB9-5451808AA90B} = {2460D2EC-1CC2-4202-A32E-56399088FDE8}
		{7E4478B1-03C8-4CBC-A0DB-1200FFC35703} = {2460D2EC-1CC2-4202-A32E-56399088FDE8}
		{3C3F369E-7B69-4D45-A7AC-95E5E197866C} = {2460D2EC-1CC2-4202-A32E-56399088FDE8}
		{A91485BF-45F8-4955-8F27-D109C88FE356} = {2460D2EC-1CC2-4202-A32E-56399088FDE8}
		{FBF12088-5EAB-4C2D-A452-5EA942018FE3} = {2460D2EC-1CC2-4202-A32E-56399088FDE8}
	EndGlobalSection
	GlobalSection(ExtensibilityGlobals) = postSolution
		SolutionGuid = {AAA7F331-74E8-4E8E-8D43-A8B091C0C02D}
	EndGlobalSection
EndGlobal
